
Microsoft Visual Studio Solution File, Format Version 12.00
# Visual Studio 15
VisualStudioVersion = 15.0.27703.2018
MinimumVisualStudioVersion = 10.0.40219.1
Project("{8BC9CEB8-8B4A-11D0-8D11-00A0C91BC942}") = "littleBusters", "littleBusters\littleBusters.vcxproj", "{7D53D4B8-F55C-40BC-BE77-F77CA95CD840}"
EndProject
Global
	GlobalSection(SolutionConfigurationPlatforms) = preSolution
		Debug|x64 = Debug|x64
		Release|x64 = Release|x64
	EndGlobalSection
	GlobalSection(ProjectConfigurationPlatforms) = postSolution
		{7D53D4B8-F55C-40BC-BE77-F77CA95CD840}.Debug|x64.ActiveCfg = Debug|x64
		{7D53D4B8-F55C-40BC-BE77-F77CA95CD840}.Debug|x64.Build.0 = Debug|x64
		{7D53D4B8-F55C-40BC-BE77-F77CA95CD840}.Release|x64.ActiveCfg = Release|x64
		{7D53D4B8-F55C-40BC-BE77-F77CA95CD840}.Release|x64.Build.0 = Release|x64
	EndGlobalSection
	GlobalSection(SolutionProperties) = preSolution
		HideSolutionNode = FALSE
	EndGlobalSection
	GlobalSection(ExtensibilityGlobals) = postSolution
		SolutionGuid = {8EA9C25F-AE3A-4379-9EF2-D7F7077B9043}
	EndGlobalSection
EndGlobal
